<?xml version="1.0" encoding="utf-8"?>
<Project ToolsVersion="4.0" xmlns="http://schemas.microsoft.com/developer/msbuild/2003">
  <ItemGroup>
    <Filter Include="Source Files">
      <UniqueIdentifier>{4FC737F1-C7A5-4376-A066-2A32D752A2FF}</UniqueIdentifier>
      <Extensions>cpp;c;cc;cxx;def;odl;idl;hpj;bat;asm;asmx</Extensions>
    </Filter>
    <Filter Include="Source Files\Sema">
      <UniqueIdentifier>{c37f6ada-5fad-42d3-a05d-37e74eea33b1}</UniqueIdentifier>
    </Filter>
    <Filter Include="Source Files\Parse">
      <UniqueIdentifier>{f5696678-c558-4de9-839f-270879e5d0d9}</UniqueIdentifier>
    </Filter>
    <Filter Include="Source Files\Common">
      <UniqueIdentifier>{15254a73-00ef-4137-9b44-e812fc634f89}</UniqueIdentifier>
    </Filter>
    <Filter Include="Source Files\Lex">
      <UniqueIdentifier>{8bc6f942-839a-4801-be43-a5e8784ae790}</UniqueIdentifier>
    </Filter>
    <Filter Include="Source Files\Test">
      <UniqueIdentifier>{f28f7b62-cf19-4a26-ad42-29134ffd1724}</UniqueIdentifier>
    </Filter>
    <Filter Include="Source Files\Ast">
      <UniqueIdentifier>{ac2f90c4-1ab6-4a1a-a90f-4c43ddafa566}</UniqueIdentifier>
    </Filter>
    <Filter Include="Source Files\Report">
      <UniqueIdentifier>{48f223c5-5c6b-4c68-817f-dced7440488b}</UniqueIdentifier>
    </Filter>
    <Filter Include="Source Files\Core">
      <UniqueIdentifier>{f8be9852-a478-4a66-bc73-89dff51f04d7}</UniqueIdentifier>
    </Filter>
  </ItemGroup>
  <ItemGroup>
    <ClInclude Include="$predefined_msvc.h">
      <Filter>Source Files</Filter>
    </ClInclude>
    <ClInclude Include="Source\Common\Allocator.h">
      <Filter>Source Files\Common</Filter>
    </ClInclude>
    <ClInclude Include="Source\Common\Common.h">
      <Filter>Source Files\Common</Filter>
    </ClInclude>
    <ClInclude Include="Source\Common\Copied.h">
      <Filter>Source Files\Common</Filter>
    </ClInclude>
    <ClInclude Include="Source\Common\IndirectSet.h">
      <Filter>Source Files\Common</Filter>
    </ClInclude>
    <ClInclude Include="Source\Common\List.h">
      <Filter>Source Files\Common</Filter>
    </ClInclude>
    <ClInclude Include="Source\Common\Profile.h">
      <Filter>Source Files\Common</Filter>
    </ClInclude>
    <ClInclude Include="Source\Common\Sequence.h">
      <Filter>Source Files\Common</Filter>
    </ClInclude>
    <ClInclude Include="Source\Common\Util.h">
      <Filter>Source Files\Common</Filter>
    </ClInclude>
    <ClInclude Include="Source\Common\Visitor.h">
      <Filter>Source Files\Common</Filter>
    </ClInclude>
    <ClInclude Include="Source\Lex\Lex.h">
      <Filter>Source Files\Lex</Filter>
    </ClInclude>
    <ClInclude Include="Source\Lex\Token.h">
      <Filter>Source Files\Lex</Filter>
    </ClInclude>
    <ClInclude Include="Source\Report\Report.h">
      <Filter>Source Files\Report</Filter>
    </ClInclude>
    <ClInclude Include="Source\Test\Test.h">
      <Filter>Source Files\Test</Filter>
    </ClInclude>
    <ClInclude Include="Source\Parse\Grammar.h">
      <Filter>Source Files\Parse</Filter>
    </ClInclude>
    <ClInclude Include="Source\Parse\Parse.h">
      <Filter>Source Files\Parse</Filter>
    </ClInclude>
    <ClInclude Include="Source\Parse\ParseSpecial.h">
      <Filter>Source Files\Parse</Filter>
    </ClInclude>
    <ClInclude Include="Source\Sema\Sema.h">
      <Filter>Source Files\Sema</Filter>
    </ClInclude>
    <ClInclude Include="Source\Core\ExpressionEvaluate.h">
      <Filter>Source Files\Core</Filter>
    </ClInclude>
    <ClInclude Include="Source\Core\NameLookup.h">
      <Filter>Source Files\Core</Filter>
    </ClInclude>
    <ClInclude Include="Source\Core\OverloadResolve.h">
      <Filter>Source Files\Core</Filter>
    </ClInclude>
    <ClInclude Include="Source\Core\TemplateDeduce.h">
      <Filter>Source Files\Core</Filter>
    </ClInclude>
    <ClInclude Include="Source\Core\TypeConvert.h">
      <Filter>Source Files\Core</Filter>
    </ClInclude>
    <ClInclude Include="Source\Core\TypeSubstitute.h">
      <Filter>Source Files\Core</Filter>
    </ClInclude>
    <ClInclude Include="Source\Ast\Declaration.h">
      <Filter>Source Files\Ast</Filter>
    </ClInclude>
    <ClInclude Include="Source\Ast\Expression.h">
      <Filter>Source Files\Ast</Filter>
    </ClInclude>
    <ClInclude Include="Source\Ast\Scope.h">
      <Filter>Source Files\Ast</Filter>
    </ClInclude>
    <ClInclude Include="Source\Ast\Type.h">
      <Filter>Source Files\Ast</Filter>
    </ClInclude>
    <ClInclude Include="Source\Ast\Print.h">
      <Filter>Source Files\Ast</Filter>
    </ClInclude>
    <ClInclude Include="Source\Lex\TokenPrinter.h">
      <Filter>Source Files\Lex</Filter>
    </ClInclude>
    <ClInclude Include="Source\Ast\ExpressionImpl.h">
      <Filter>Source Files\Ast</Filter>
    </ClInclude>
    <ClInclude Include="Source\Ast\AstAllocator.h">
      <Filter>Source Files\Ast</Filter>
    </ClInclude>
    <ClInclude Include="Source\Core\TypeInstantiate.h">
      <Filter>Source Files\Core</Filter>
    </ClInclude>
    <ClInclude Include="Source\Core\TypeUnique.h">
      <Filter>Source Files\Core</Filter>
    </ClInclude>
    <ClInclude Include="Source\Core\Fundamental.h">
      <Filter>Source Files\Core</Filter>
    </ClInclude>
    <ClInclude Include="Source\Core\OperatorId.h">
      <Filter>Source Files\Core</Filter>
    </ClInclude>
    <ClInclude Include="Source\Core\TypeTraits.h">
      <Filter>Source Files\Core</Filter>
    </ClInclude>
    <ClInclude Include="Source\Core\Literal.h">
      <Filter>Source Files\Core</Filter>
    </ClInclude>
    <ClInclude Include="Source\Core\KoenigLookup.h">
      <Filter>Source Files\Core</Filter>
    </ClInclude>
    <ClInclude Include="Source\Core\Special.h">
      <Filter>Source Files\Core</Filter>
    </ClInclude>
  </ItemGroup>
  <ItemGroup>
    <ClCompile Include="cppparse.cpp">
      <Filter>Source Files</Filter>
    </ClCompile>
    <ClCompile Include="Source\Common\Allocator.cpp">
      <Filter>Source Files\Common</Filter>
    </ClCompile>
    <ClCompile Include="Source\Common\Common.cpp">
      <Filter>Source Files\Common</Filter>
    </ClCompile>
    <ClCompile Include="Source\Common\Copied.cpp">
      <Filter>Source Files\Common</Filter>
    </ClCompile>
    <ClCompile Include="Source\Common\IndirectSet.cpp">
      <Filter>Source Files\Common</Filter>
    </ClCompile>
    <ClCompile Include="Source\Common\List.cpp">
      <Filter>Source Files\Common</Filter>
    </ClCompile>
    <ClCompile Include="Source\Common\Profile.cpp">
      <Filter>Source Files\Common</Filter>
    </ClCompile>
    <ClCompile Include="Source\Common\Sequence.cpp">
      <Filter>Source Files\Common</Filter>
    </ClCompile>
    <ClCompile Include="Source\Common\Util.cpp">
      <Filter>Source Files\Common</Filter>
    </ClCompile>
    <ClCompile Include="Source\Common\Visitor.cpp">
      <Filter>Source Files\Common</Filter>
    </ClCompile>
    <ClCompile Include="Source\Lex\Lex.cpp">
      <Filter>Source Files\Lex</Filter>
    </ClCompile>
    <ClCompile Include="Source\Lex\Token.cpp">
      <Filter>Source Files\Lex</Filter>
    </ClCompile>
    <ClCompile Include="Source\Lex\TokenPrinter.cpp">
      <Filter>Source Files\Lex</Filter>
    </ClCompile>
    <ClCompile Include="Source\Report\Report.cpp">
      <Filter>Source Files\Report</Filter>
    </ClCompile>
    <ClCompile Include="Source\Test\Test.cpp">
      <Filter>Source Files\Test</Filter>
    </ClCompile>
    <ClCompile Include="Source\Parse\Grammar.cpp">
      <Filter>Source Files\Parse</Filter>
    </ClCompile>
    <ClCompile Include="Source\Parse\Parse.cpp">
      <Filter>Source Files\Parse</Filter>
    </ClCompile>
    <ClCompile Include="Source\Parse\ParseSpecial.cpp">
      <Filter>Source Files\Parse</Filter>
    </ClCompile>
    <ClCompile Include="Source\Sema\Sema.cpp">
      <Filter>Source Files\Sema</Filter>
    </ClCompile>
    <ClCompile Include="Source\Core\ExpressionEvaluate.cpp">
      <Filter>Source Files\Core</Filter>
    </ClCompile>
    <ClCompile Include="Source\Core\NameLookup.cpp">
      <Filter>Source Files\Core</Filter>
    </ClCompile>
    <ClCompile Include="Source\Core\OverloadResolve.cpp">
      <Filter>Source Files\Core</Filter>
    </ClCompile>
    <ClCompile Include="Source\Core\TemplateDeduce.cpp">
      <Filter>Source Files\Core</Filter>
    </ClCompile>
    <ClCompile Include="Source\Core\TypeConvert.cpp">
      <Filter>Source Files\Core</Filter>
    </ClCompile>
    <ClCompile Include="Source\Core\TypeSubstitute.cpp">
      <Filter>Source Files\Core</Filter>
    </ClCompile>
    <ClCompile Include="Source\Ast\Declaration.cpp">
      <Filter>Source Files\Ast</Filter>
    </ClCompile>
    <ClCompile Include="Source\Ast\Expression.cpp">
      <Filter>Source Files\Ast</Filter>
    </ClCompile>
    <ClCompile Include="Source\Ast\Scope.cpp">
      <Filter>Source Files\Ast</Filter>
    </ClCompile>
    <ClCompile Include="Source\Ast\Type.cpp">
      <Filter>Source Files\Ast</Filter>
    </ClCompile>
    <ClCompile Include="Source\Ast\Print.cpp">
      <Filter>Source Files\Ast</Filter>
    </ClCompile>
    <ClCompile Include="Source\Ast\ExpressionImpl.cpp">
      <Filter>Source Files\Ast</Filter>
    </ClCompile>
    <ClCompile Include="Source\Ast\AstAllocator.cpp">
      <Filter>Source Files\Ast</Filter>
    </ClCompile>
    <ClCompile Include="Source\Core\TypeInstantiate.cpp">
      <Filter>Source Files\Core</Filter>
    </ClCompile>
    <ClCompile Include="Source\Core\TypeUnique.cpp">
      <Filter>Source Files\Core</Filter>
    </ClCompile>
    <ClCompile Include="Source\Core\Fundamental.cpp">
      <Filter>Source Files\Core</Filter>
    </ClCompile>
    <ClCompile Include="Source\Core\OperatorId.cpp">
      <Filter>Source Files\Core</Filter>
    </ClCompile>
    <ClCompile Include="Source\Core\TypeTraits.cpp">
      <Filter>Source Files\Core</Filter>
    </ClCompile>
    <ClCompile Include="Source\Core\Literal.cpp">
      <Filter>Source Files\Core</Filter>
    </ClCompile>
    <ClCompile Include="Source\Core\KoenigLookup.cpp">
      <Filter>Source Files\Core</Filter>
    </ClCompile>
    <ClCompile Include="Source\Core\Special.cpp">
      <Filter>Source Files\Core</Filter>
    </ClCompile>
  </ItemGroup>
  <ItemGroup>
    <None Include="BUGS.txt" />
    <None Include="cppparse.rsp" />
    <None Include="DONE.txt" />
    <None Include="README.txt" />
    <None Include="TODO.txt" />
    <None Include="NOTES.txt" />
  </ItemGroup>
</Project>