<?xml version="1.0" encoding="utf-8"?>
<Project ToolsVersion="4.0" xmlns="http://schemas.microsoft.com/developer/msbuild/2003">
  <ItemGroup>
    <Filter Include="Source Files">
      <UniqueIdentifier>{4FC737F1-C7A5-4376-A066-2A32D752A2FF}</UniqueIdentifier>
      <Extensions>cpp;c;cc;cxx;def;odl;idl;hpj;bat;asm;asmx</Extensions>
    </Filter>
  </ItemGroup>
  <ItemGroup>
    <ClInclude Include="$predefined_msvc.h">
      <Filter>Source Files</Filter>
    </ClInclude>
    <ClInclude Include="allocator.h">
      <Filter>Source Files</Filter>
    </ClInclude>
    <ClInclude Include="common.h">
      <Filter>Source Files</Filter>
    </ClInclude>
    <ClInclude Include="copied.h">
      <Filter>Source Files</Filter>
    </ClInclude>
    <ClInclude Include="cpptree.h">
      <Filter>Source Files</Filter>
    </ClInclude>
    <ClInclude Include="generator.h">
      <Filter>Source Files</Filter>
    </ClInclude>
    <ClInclude Include="lexer.h">
      <Filter>Source Files</Filter>
    </ClInclude>
    <ClInclude Include="list.h">
      <Filter>Source Files</Filter>
    </ClInclude>
    <ClInclude Include="parser.h">
      <Filter>Source Files</Filter>
    </ClInclude>
    <ClInclude Include="parser_symbols.h">
      <Filter>Source Files</Filter>
    </ClInclude>
    <ClInclude Include="printer.h">
      <Filter>Source Files</Filter>
    </ClInclude>
    <ClInclude Include="profiler.h">
      <Filter>Source Files</Filter>
    </ClInclude>
    <ClInclude Include="report.h">
      <Filter>Source Files</Filter>
    </ClInclude>
    <ClInclude Include="semantic.h">
      <Filter>Source Files</Filter>
    </ClInclude>
    <ClInclude Include="symbols.h">
      <Filter>Source Files</Filter>
    </ClInclude>
    <ClInclude Include="test.h">
      <Filter>Source Files</Filter>
    </ClInclude>
    <ClInclude Include="token.h">
      <Filter>Source Files</Filter>
    </ClInclude>
    <ClInclude Include="util.h">
      <Filter>Source Files</Filter>
    </ClInclude>
    <ClInclude Include="visitor.h">
      <Filter>Source Files</Filter>
    </ClInclude>
  </ItemGroup>
  <ItemGroup>
    <ClCompile Include="allocator.cpp">
      <Filter>Source Files</Filter>
    </ClCompile>
    <ClCompile Include="common.cpp">
      <Filter>Source Files</Filter>
    </ClCompile>
    <ClCompile Include="copied.cpp">
      <Filter>Source Files</Filter>
    </ClCompile>
    <ClCompile Include="cppparse.cpp">
      <Filter>Source Files</Filter>
    </ClCompile>
    <ClCompile Include="cpptree.cpp">
      <Filter>Source Files</Filter>
    </ClCompile>
    <ClCompile Include="generator.cpp">
      <Filter>Source Files</Filter>
    </ClCompile>
    <ClCompile Include="lexer.cpp">
      <Filter>Source Files</Filter>
    </ClCompile>
    <ClCompile Include="list.cpp">
      <Filter>Source Files</Filter>
    </ClCompile>
    <ClCompile Include="parser.cpp">
      <Filter>Source Files</Filter>
    </ClCompile>
    <ClCompile Include="parser_symbols.cpp">
      <Filter>Source Files</Filter>
    </ClCompile>
    <ClCompile Include="printer.cpp">
      <Filter>Source Files</Filter>
    </ClCompile>
    <ClCompile Include="profiler.cpp">
      <Filter>Source Files</Filter>
    </ClCompile>
    <ClCompile Include="report.cpp">
      <Filter>Source Files</Filter>
    </ClCompile>
    <ClCompile Include="semantic.cpp">
      <Filter>Source Files</Filter>
    </ClCompile>
    <ClCompile Include="symbols.cpp">
      <Filter>Source Files</Filter>
    </ClCompile>
    <ClCompile Include="test.cpp">
      <Filter>Source Files</Filter>
    </ClCompile>
    <ClCompile Include="token.cpp">
      <Filter>Source Files</Filter>
    </ClCompile>
    <ClCompile Include="util.cpp">
      <Filter>Source Files</Filter>
    </ClCompile>
    <ClCompile Include="visitor.cpp">
      <Filter>Source Files</Filter>
    </ClCompile>
  </ItemGroup>
  <ItemGroup>
    <None Include="BUGS.txt" />
    <None Include="cppparse.rsp" />
    <None Include="DONE.txt" />
    <None Include="README.txt" />
    <None Include="TODO.txt" />
    <None Include="NOTES.txt" />
  </ItemGroup>
</Project>